
Microsoft Visual Studio Solution File, Format Version 12.00
# Visual Studio Version 17
VisualStudioVersion = 17.10.34916.146
MinimumVisualStudioVersion = 10.0.40219.1
Project("{9A19103F-16F7-4668-BE54-9A1E7A4F7556}") = "BlazorApp", "BlazorApp\BlazorApp.csproj", "{09D9B6D5-786A-420F-B37B-54F4D3CC4FF1}"
EndProject
Project("{9A19103F-16F7-4668-BE54-9A1E7A4F7556}") = "EditorJs", "EditorJs\EditorJs.csproj", "{436450BA-E22A-4BAC-BBC1-DA9F4A8D7BA2}"
EndProject
Project("{2150E333-8FDC-42A3-9474-1A3956D46DE8}") = "Solution Items", "Solution Items", "{9523002E-72A2-4CA8-AC99-651EB307A76A}"
	ProjectSection(SolutionItems) = preProject
		.editorconfig = .editorconfig
		.filenesting.json = .filenesting.json
		.gitignore = .gitignore
		README.md = README.md
	EndProjectSection
EndProject
Global
	GlobalSection(SolutionConfigurationPlatforms) = preSolution
		Debug|Any CPU = Debug|Any CPU
		Release|Any CPU = Release|Any CPU
	EndGlobalSection
	GlobalSection(ProjectConfigurationPlatforms) = postSolution
		{09D9B6D5-786A-420F-B37B-54F4D3CC4FF1}.Debug|Any CPU.ActiveCfg = Debug|Any CPU
		{09D9B6D5-786A-420F-B37B-54F4D3CC4FF1}.Debug|Any CPU.Build.0 = Debug|Any CPU
		{09D9B6D5-786A-420F-B37B-54F4D3CC4FF1}.Release|Any CPU.ActiveCfg = Release|Any CPU
		{09D9B6D5-786A-420F-B37B-54F4D3CC4FF1}.Release|Any CPU.Build.0 = Release|Any CPU
		{436450BA-E22A-4BAC-BBC1-DA9F4A8D7BA2}.Debug|Any CPU.ActiveCfg = Debug|Any CPU
		{436450BA-E22A-4BAC-BBC1-DA9F4A8D7BA2}.Debug|Any CPU.Build.0 = Debug|Any CPU
		{436450BA-E22A-4BAC-BBC1-DA9F4A8D7BA2}.Release|Any CPU.ActiveCfg = Release|Any CPU
		{436450BA-E22A-4BAC-BBC1-DA9F4A8D7BA2}.Release|Any CPU.Build.0 = Release|Any CPU
	EndGlobalSection
	GlobalSection(SolutionProperties) = preSolution
		HideSolutionNode = FALSE
	EndGlobalSection
	GlobalSection(ExtensibilityGlobals) = postSolution
		SolutionGuid = {02038AC3-5D8B-4829-8A41-C11B2AE63959}
	EndGlobalSection
EndGlobal
